dependencies:
- name: okk-manager
  repository: file://../okk-manager
  version: 0.1.1
- name: kube-prometheus-stack
  repository: https://prometheus-community.github.io/helm-charts
  version: 58.2.0
- name: chaos-mesh
  repository: https://charts.chaos-mesh.org
  version: 2.7.2
digest: sha256:732353397b2bc3fac7900135c6395f2f5d9b704c46b3ba479699de6acd158a6e
generated: "2025-12-01T08:32:31.493046+08:00"
