dependencies:
- name: okk-manager
  repository: file://../okk-manager
  version: 0.1.2
- name: kube-prometheus-stack
  repository: https://prometheus-community.github.io/helm-charts
  version: 58.2.0
- name: chaos-mesh
  repository: https://charts.chaos-mesh.org
  version: 2.7.2
digest: sha256:fd5b59bfa75f95fd68e0cd576440158b25a5744db54b4ef2e50eb10ed93c91d5
generated: "2025-12-01T08:33:21.654677+08:00"
